Microsoft Visual Studio Solution File, Format Version 12.00
# Visual Studio Version 17
VisualStudioVersion = 17.9.34518.117
MinimumVisualStudioVersion = 10.0.40219.1
Project("{9A19103F-16F7-4668-BE54-9A1E7A4F7556}") = "Biscuit", "Biscuit\Biscuit.csproj", "{43E8FE5E-8D14-4AE8-9658-0DEDE637B50E}"
EndProject
Project("{9A19103F-16F7-4668-BE54-9A1E7A4F7556}") = "Biscuit.avalonia", "Biscuit.avalonia\Biscuit.avalonia.csproj", "{01D6BF84-F423-4627-B5C0-D6729746CC0D}"
EndProject
Project("{9A19103F-16F7-4668-BE54-9A1E7A4F7556}") = "Tester.avalonia", "Tester.avalonia\Tester.avalonia.csproj", "{6346FB3A-1339-48DB-8DFE-17E4E0B0F07C}"
EndProject
Project("{9A19103F-16F7-4668-BE54-9A1E7A4F7556}") = "Tester", "Tester\Tester.csproj", "{2E7FC65C-74A0-49D3-A9C0-8800A9E792C2}"
EndProject
Project("{8BC9CEB8-8B4A-11D0-8D11-00A0C91BC942}") = "Biscuit.clr", "Biscuit.clr\Biscuit.clr.vcxproj", "{3219AA45-8D3E-4531-9526-6330A1C24B45}"
EndProject
Project("{9A19103F-16F7-4668-BE54-9A1E7A4F7556}") = "Tester.winform", "Tester.winform\Tester.winform.csproj", "{AF42887E-51D7-4845-B031-46D630547DDF}"
EndProject
Project("{9A19103F-16F7-4668-BE54-9A1E7A4F7556}") = "Biscuit.winform", "Biscuit.winform\Biscuit.winform.csproj", "{68A3BED3-DCD2-432F-ADCC-07F5C918901A}"
EndProject
Global
	GlobalSection(SolutionConfigurationPlatforms) = preSolution
		Debug|Any CPU = Debug|Any CPU
		Debug|x64 = Debug|x64
		Debug|x86 = Debug|x86
		Release|Any CPU = Release|Any CPU
		Release|x64 = Release|x64
		Release|x86 = Release|x86
	EndGlobalSection
	GlobalSection(ProjectConfigurationPlatforms) = postSolution
		{43E8FE5E-8D14-4AE8-9658-0DEDE637B50E}.Debug|Any CPU.ActiveCfg = Debug|Any CPU
		{43E8FE5E-8D14-4AE8-9658-0DEDE637B50E}.Debug|Any CPU.Build.0 = Debug|Any CPU
		{43E8FE5E-8D14-4AE8-9658-0DEDE637B50E}.Debug|x64.ActiveCfg = Debug|x64
		{43E8FE5E-8D14-4AE8-9658-0DEDE637B50E}.Debug|x64.Build.0 = Debug|x64
		{43E8FE5E-8D14-4AE8-9658-0DEDE637B50E}.Debug|x86.ActiveCfg = Debug|Any CPU
		{43E8FE5E-8D14-4AE8-9658-0DEDE637B50E}.Debug|x86.Build.0 = Debug|Any CPU
		{43E8FE5E-8D14-4AE8-9658-0DEDE637B50E}.Release|Any CPU.ActiveCfg = Release|Any CPU
		{43E8FE5E-8D14-4AE8-9658-0DEDE637B50E}.Release|Any CPU.Build.0 = Release|Any CPU
		{43E8FE5E-8D14-4AE8-9658-0DEDE637B50E}.Release|x64.ActiveCfg = Release|x64
		{43E8FE5E-8D14-4AE8-9658-0DEDE637B50E}.Release|x64.Build.0 = Release|x64
		{43E8FE5E-8D14-4AE8-9658-0DEDE637B50E}.Release|x86.ActiveCfg = Release|Any CPU
		{43E8FE5E-8D14-4AE8-9658-0DEDE637B50E}.Release|x86.Build.0 = Release|Any CPU
		{01D6BF84-F423-4627-B5C0-D6729746CC0D}.Debug|Any CPU.ActiveCfg = Debug|Any CPU
		{01D6BF84-F423-4627-B5C0-D6729746CC0D}.Debug|Any CPU.Build.0 = Debug|Any CPU
		{01D6BF84-F423-4627-B5C0-D6729746CC0D}.Debug|x64.ActiveCfg = Debug|x64
		{01D6BF84-F423-4627-B5C0-D6729746CC0D}.Debug|x64.Build.0 = Debug|x64
		{01D6BF84-F423-4627-B5C0-D6729746CC0D}.Debug|x86.ActiveCfg = Debug|Any CPU
		{01D6BF84-F423-4627-B5C0-D6729746CC0D}.Debug|x86.Build.0 = Debug|Any CPU
		{01D6BF84-F423-4627-B5C0-D6729746CC0D}.Release|Any CPU.ActiveCfg = Release|Any CPU
		{01D6BF84-F423-4627-B5C0-D6729746CC0D}.Release|Any CPU.Build.0 = Release|Any CPU
		{01D6BF84-F423-4627-B5C0-D6729746CC0D}.Release|x64.ActiveCfg = Release|x64
		{01D6BF84-F423-4627-B5C0-D6729746CC0D}.Release|x64.Build.0 = Release|x64
		{01D6BF84-F423-4627-B5C0-D6729746CC0D}.Release|x86.ActiveCfg = Release|Any CPU
		{01D6BF84-F423-4627-B5C0-D6729746CC0D}.Release|x86.Build.0 = Release|Any CPU
		{6346FB3A-1339-48DB-8DFE-17E4E0B0F07C}.Debug|Any CPU.ActiveCfg = Debug|Any CPU
		{6346FB3A-1339-48DB-8DFE-17E4E0B0F07C}.Debug|Any CPU.Build.0 = Debug|Any CPU
		{6346FB3A-1339-48DB-8DFE-17E4E0B0F07C}.Debug|x64.ActiveCfg = Debug|x64
		{6346FB3A-1339-48DB-8DFE-17E4E0B0F07C}.Debug|x64.Build.0 = Debug|x64
		{6346FB3A-1339-48DB-8DFE-17E4E0B0F07C}.Debug|x86.ActiveCfg = Debug|Any CPU
		{6346FB3A-1339-48DB-8DFE-17E4E0B0F07C}.Debug|x86.Build.0 = Debug|Any CPU
		{6346FB3A-1339-48DB-8DFE-17E4E0B0F07C}.Release|Any CPU.ActiveCfg = Release|Any CPU
		{6346FB3A-1339-48DB-8DFE-17E4E0B0F07C}.Release|Any CPU.Build.0 = Release|Any CPU
		{6346FB3A-1339-48DB-8DFE-17E4E0B0F07C}.Release|x64.ActiveCfg = Release|x64
		{6346FB3A-1339-48DB-8DFE-17E4E0B0F07C}.Release|x64.Build.0 = Release|x64
		{6346FB3A-1339-48DB-8DFE-17E4E0B0F07C}.Release|x86.ActiveCfg = Release|Any CPU
		{6346FB3A-1339-48DB-8DFE-17E4E0B0F07C}.Release|x86.Build.0 = Release|Any CPU
		{2E7FC65C-74A0-49D3-A9C0-8800A9E792C2}.Debug|Any CPU.ActiveCfg = Debug|Any CPU
		{2E7FC65C-74A0-49D3-A9C0-8800A9E792C2}.Debug|Any CPU.Build.0 = Debug|Any CPU
		{2E7FC65C-74A0-49D3-A9C0-8800A9E792C2}.Debug|x64.ActiveCfg = Debug|x64
		{2E7FC65C-74A0-49D3-A9C0-8800A9E792C2}.Debug|x64.Build.0 = Debug|x64
		{2E7FC65C-74A0-49D3-A9C0-8800A9E792C2}.Debug|x86.ActiveCfg = Debug|Any CPU
		{2E7FC65C-74A0-49D3-A9C0-8800A9E792C2}.Debug|x86.Build.0 = Debug|Any CPU
		{2E7FC65C-74A0-49D3-A9C0-8800A9E792C2}.Release|Any CPU.ActiveCfg = Release|Any CPU
		{2E7FC65C-74A0-49D3-A9C0-8800A9E792C2}.Release|Any CPU.Build.0 = Release|Any CPU
		{2E7FC65C-74A0-49D3-A9C0-8800A9E792C2}.Release|x64.ActiveCfg = Release|x64
		{2E7FC65C-74A0-49D3-A9C0-8800A9E792C2}.Release|x64.Build.0 = Release|x64
		{2E7FC65C-74A0-49D3-A9C0-8800A9E792C2}.Release|x86.ActiveCfg = Release|Any CPU
		{2E7FC65C-74A0-49D3-A9C0-8800A9E792C2}.Release|x86.Build.0 = Release|Any CPU
		{3219AA45-8D3E-4531-9526-6330A1C24B45}.Debug|Any CPU.ActiveCfg = Debug|x64
		{3219AA45-8D3E-4531-9526-6330A1C24B45}.Debug|Any CPU.Build.0 = Debug|x64
		{3219AA45-8D3E-4531-9526-6330A1C24B45}.Debug|x64.ActiveCfg = Debug|x64
		{3219AA45-8D3E-4531-9526-6330A1C24B45}.Debug|x64.Build.0 = Debug|x64
		{3219AA45-8D3E-4531-9526-6330A1C24B45}.Debug|x86.ActiveCfg = Debug|Win32
		{3219AA45-8D3E-4531-9526-6330A1C24B45}.Debug|x86.Build.0 = Debug|Win32
		{3219AA45-8D3E-4531-9526-6330A1C24B45}.Release|Any CPU.ActiveCfg = Release|x64
		{3219AA45-8D3E-4531-9526-6330A1C24B45}.Release|Any CPU.Build.0 = Release|x64
		{3219AA45-8D3E-4531-9526-6330A1C24B45}.Release|x64.ActiveCfg = Release|x64
		{3219AA45-8D3E-4531-9526-6330A1C24B45}.Release|x64.Build.0 = Release|x64
		{3219AA45-8D3E-4531-9526-6330A1C24B45}.Release|x86.ActiveCfg = Release|Win32
		{3219AA45-8D3E-4531-9526-6330A1C24B45}.Release|x86.Build.0 = Release|Win32
		{AF42887E-51D7-4845-B031-46D630547DDF}.Debug|Any CPU.ActiveCfg = Debug|Any CPU
		{AF42887E-51D7-4845-B031-46D630547DDF}.Debug|Any CPU.Build.0 = Debug|Any CPU
		{AF42887E-51D7-4845-B031-46D630547DDF}.Debug|x64.ActiveCfg = Debug|x64
		{AF42887E-51D7-4845-B031-46D630547DDF}.Debug|x64.Build.0 = Debug|x64
		{AF42887E-51D7-4845-B031-46D630547DDF}.Debug|x86.ActiveCfg = Debug|Any CPU
		{AF42887E-51D7-4845-B031-46D630547DDF}.Debug|x86.Build.0 = Debug|Any CPU
		{AF42887E-51D7-4845-B031-46D630547DDF}.Release|Any CPU.ActiveCfg = Release|Any CPU
		{AF42887E-51D7-4845-B031-46D630547DDF}.Release|Any CPU.Build.0 = Release|Any CPU
		{AF42887E-51D7-4845-B031-46D630547DDF}.Release|x64.ActiveCfg = Release|x64
		{AF42887E-51D7-4845-B031-46D630547DDF}.Release|x64.Build.0 = Release|x64
		{AF42887E-51D7-4845-B031-46D630547DDF}.Release|x86.ActiveCfg = Release|Any CPU
		{AF42887E-51D7-4845-B031-46D630547DDF}.Release|x86.Build.0 = Release|Any CPU
		{68A3BED3-DCD2-432F-ADCC-07F5C918901A}.Debug|Any CPU.ActiveCfg = Debug|Any CPU
		{68A3BED3-DCD2-432F-ADCC-07F5C918901A}.Debug|Any CPU.Build.0 = Debug|Any CPU
		{68A3BED3-DCD2-432F-ADCC-07F5C918901A}.Debug|x64.ActiveCfg = Debug|x64
		{68A3BED3-DCD2-432F-ADCC-07F5C918901A}.Debug|x64.Build.0 = Debug|x64
		{68A3BED3-DCD2-432F-ADCC-07F5C918901A}.Debug|x86.ActiveCfg = Debug|Any CPU
		{68A3BED3-DCD2-432F-ADCC-07F5C918901A}.Debug|x86.Build.0 = Debug|Any CPU
		{68A3BED3-DCD2-432F-ADCC-07F5C918901A}.Release|Any CPU.ActiveCfg = Release|Any CPU
		{68A3BED3-DCD2-432F-ADCC-07F5C918901A}.Release|Any CPU.Build.0 = Release|Any CPU
		{68A3BED3-DCD2-432F-ADCC-07F5C918901A}.Release|x64.ActiveCfg = Release|x64
		{68A3BED3-DCD2-432F-ADCC-07F5C918901A}.Release|x64.Build.0 = Release|x64
		{68A3BED3-DCD2-432F-ADCC-07F5C918901A}.Release|x86.ActiveCfg = Release|Any CPU
		{68A3BED3-DCD2-432F-ADCC-07F5C918901A}.Release|x86.Build.0 = Release|Any CPU
	EndGlobalSection
	GlobalSection(SolutionProperties) = preSolution
		HideSolutionNode = FALSE
	EndGlobalSection
	GlobalSection(ExtensibilityGlobals) = postSolution
		SolutionGuid = {8708AA59-1730-453C-985D-E02DEFD85E46}
	EndGlobalSection
EndGlobal
